{
  "name": "meuprograma",
  "version": "1.0.0",
  "lockfileVersion": 3,
  "requires": true,
  "packages": {
    "": {
      "name": "meuprograma",
      "version": "1.0.0",
      "license": "ISC",
      "dependencies": {
        "matematica": "file:../Mat"
      }
    },
    "node_modules/matematica": {
      "version": "1.0.0",
      "resolved": "file:../Mat",
      "license": "ISC"
    }
  }
}
